
Microsoft Visual Studio Solution File, Format Version 12.00
# Visual Studio 14
VisualStudioVersion = 14.0.25420.1
MinimumVisualStudioVersion = 10.0.40219.1
Project("{FAE04EC0-301F-11D3-BF4B-00C04F79EFBC}") = "ExternalD3D11", "ExternalD3D11\ExternalD3D11.csproj", "{A93E43DD-597A-478C-A33E-63EEF5A4CEE3}"
EndProject
Project("{FAE04EC0-301F-11D3-BF4B-00C04F79EFBC}") = "D3DMenu", "D3DMenu\D3DMenu.csproj", "{6A0D9A53-5D5A-455D-B464-1588B7E1C32F}"
EndProject
Project("{FAE04EC0-301F-11D3-BF4B-00C04F79EFBC}") = "DayZMultiHack", "DayZMultiHack\DayZMultiHack.csproj", "{9DCB89E2-3C90-4DB3-94EA-6963468ADCFD}"
EndProject
Project("{FAE04EC0-301F-11D3-BF4B-00C04F79EFBC}") = "UtilsLibrary", "UtilsLibrary\UtilsLibrary.csproj", "{33757D2D-C657-4CF4-B737-BAEF876A4138}"
EndProject
Global
	GlobalSection(SolutionConfigurationPlatforms) = preSolution
		Debug|Any CPU = Debug|Any CPU
		Release|Any CPU = Release|Any CPU
	EndGlobalSection
	GlobalSection(ProjectConfigurationPlatforms) = postSolution
		{A93E43DD-597A-478C-A33E-63EEF5A4CEE3}.Debug|Any CPU.ActiveCfg = Debug|Any CPU
		{A93E43DD-597A-478C-A33E-63EEF5A4CEE3}.Debug|Any CPU.Build.0 = Debug|Any CPU
		{A93E43DD-597A-478C-A33E-63EEF5A4CEE3}.Release|Any CPU.ActiveCfg = Release|Any CPU
		{A93E43DD-597A-478C-A33E-63EEF5A4CEE3}.Release|Any CPU.Build.0 = Release|Any CPU
		{6A0D9A53-5D5A-455D-B464-1588B7E1C32F}.Debug|Any CPU.ActiveCfg = Debug|Any CPU
		{6A0D9A53-5D5A-455D-B464-1588B7E1C32F}.Debug|Any CPU.Build.0 = Debug|Any CPU
		{6A0D9A53-5D5A-455D-B464-1588B7E1C32F}.Release|Any CPU.ActiveCfg = Release|Any CPU
		{6A0D9A53-5D5A-455D-B464-1588B7E1C32F}.Release|Any CPU.Build.0 = Release|Any CPU
		{9DCB89E2-3C90-4DB3-94EA-6963468ADCFD}.Debug|Any CPU.ActiveCfg = Debug|Any CPU
		{9DCB89E2-3C90-4DB3-94EA-6963468ADCFD}.Debug|Any CPU.Build.0 = Debug|Any CPU
		{9DCB89E2-3C90-4DB3-94EA-6963468ADCFD}.Release|Any CPU.ActiveCfg = Release|Any CPU
		{9DCB89E2-3C90-4DB3-94EA-6963468ADCFD}.Release|Any CPU.Build.0 = Release|Any CPU
		{33757D2D-C657-4CF4-B737-BAEF876A4138}.Debug|Any CPU.ActiveCfg = Debug|Any CPU
		{33757D2D-C657-4CF4-B737-BAEF876A4138}.Debug|Any CPU.Build.0 = Debug|Any CPU
		{33757D2D-C657-4CF4-B737-BAEF876A4138}.Release|Any CPU.ActiveCfg = Release|Any CPU
		{33757D2D-C657-4CF4-B737-BAEF876A4138}.Release|Any CPU.Build.0 = Release|Any CPU
	EndGlobalSection
	GlobalSection(SolutionProperties) = preSolution
		HideSolutionNode = FALSE
	EndGlobalSection
EndGlobal
